
Microsoft Visual Studio Solution File, Format Version 12.00
Project("{FAE04EC0-301F-11D3-BF4B-00C04F79EFBC}") = "API", "API\API.csproj", "{B5622D89-D962-4151-B378-1DBD88FE49C2}"
EndProject
Project("{FAE04EC0-301F-11D3-BF4B-00C04F79EFBC}") = "Core", "Core\Core.csproj", "{AB5D6BFA-54D1-4FF5-B890-57633BBEC704}"
EndProject
Project("{FAE04EC0-301F-11D3-BF4B-00C04F79EFBC}") = "Infrastructure", "Infrastructure\Infrastructure.csproj", "{B7283839-FFD5-42D2-9407-3FD779A9427B}"
EndProject
Global
	GlobalSection(SolutionConfigurationPlatforms) = preSolution
		Debug|Any CPU = Debug|Any CPU
		Release|Any CPU = Release|Any CPU
	EndGlobalSection
	GlobalSection(ProjectConfigurationPlatforms) = postSolution
		{B5622D89-D962-4151-B378-1DBD88FE49C2}.Debug|Any CPU.ActiveCfg = Debug|Any CPU
		{B5622D89-D962-4151-B378-1DBD88FE49C2}.Debug|Any CPU.Build.0 = Debug|Any CPU
		{B5622D89-D962-4151-B378-1DBD88FE49C2}.Release|Any CPU.ActiveCfg = Release|Any CPU
		{B5622D89-D962-4151-B378-1DBD88FE49C2}.Release|Any CPU.Build.0 = Release|Any CPU
		{AB5D6BFA-54D1-4FF5-B890-57633BBEC704}.Debug|Any CPU.ActiveCfg = Debug|Any CPU
		{AB5D6BFA-54D1-4FF5-B890-57633BBEC704}.Debug|Any CPU.Build.0 = Debug|Any CPU
		{AB5D6BFA-54D1-4FF5-B890-57633BBEC704}.Release|Any CPU.ActiveCfg = Release|Any CPU
		{AB5D6BFA-54D1-4FF5-B890-57633BBEC704}.Release|Any CPU.Build.0 = Release|Any CPU
		{B7283839-FFD5-42D2-9407-3FD779A9427B}.Debug|Any CPU.ActiveCfg = Debug|Any CPU
		{B7283839-FFD5-42D2-9407-3FD779A9427B}.Debug|Any CPU.Build.0 = Debug|Any CPU
		{B7283839-FFD5-42D2-9407-3FD779A9427B}.Release|Any CPU.ActiveCfg = Release|Any CPU
		{B7283839-FFD5-42D2-9407-3FD779A9427B}.Release|Any CPU.Build.0 = Release|Any CPU
	EndGlobalSection
EndGlobal
